
Microsoft Visual Studio Solution File, Format Version 12.00
# Visual Studio Version 17
VisualStudioVersion = 17.3.32929.385
MinimumVisualStudioVersion = 10.0.40219.1
Project("{FAE04EC0-301F-11D3-BF4B-00C04F79EFBC}") = "AcecraftPinkDB", "AcecraftPinkDB.csproj", "{CFC649C3-0617-42CC-BC83-AC5E6C808FAB}"
EndProject
Global
	GlobalSection(SolutionConfigurationPlatforms) = preSolution
		Debug|Any CPU = Debug|Any CPU
		Release|Any CPU = Release|Any CPU
	EndGlobalSection
	GlobalSection(ProjectConfigurationPlatforms) = postSolution
		{CFC649C3-0617-42CC-BC83-AC5E6C808FAB}.Debug|Any CPU.ActiveCfg = Debug|Any CPU
		{CFC649C3-0617-42CC-BC83-AC5E6C808FAB}.Debug|Any CPU.Build.0 = Debug|Any CPU
		{CFC649C3-0617-42CC-BC83-AC5E6C808FAB}.Release|Any CPU.ActiveCfg = Release|Any CPU
		{CFC649C3-0617-42CC-BC83-AC5E6C808FAB}.Release|Any CPU.Build.0 = Release|Any CPU
	EndGlobalSection
	GlobalSection(SolutionProperties) = preSolution
		HideSolutionNode = FALSE
	EndGlobalSection
	GlobalSection(ExtensibilityGlobals) = postSolution
		SolutionGuid = {CE55A5E8-5B00-4C22-A924-E8FF0CF35A35}
	EndGlobalSection
EndGlobal
